// !$*UTF8*$!
{
	archiveVersion = 1;
	classes = {
	};
	objectVersion = 56;
	objects = {

/* Begin PBXBuildFile section */
		D58529EE2C7C30A00098DA1F /* WeatherServiceTests.swift in Sources */ = {isa = PBXBuildFile; fileRef = D58529ED2C7C30A00098DA1F /* WeatherServiceTests.swift */; };
		D58529F02C7C30DD0098DA1F /* WeatherViewModel.swift in Sources */ = {isa = PBXBuildFile; fileRef = D58529EF2C7C30DD0098DA1F /* WeatherViewModel.swift */; };
		D5CC20C72C7BBB7100041D37 /* WeatherApp.swift in Sources */ = {isa = PBXBuildFile; fileRef = D5CC20C62C7BBB7100041D37 /* WeatherApp.swift */; };
		D5CC20C92C7BBB7100041D37 /* ContentView.swift in Sources */ = {isa = PBXBuildFile; fileRef = D5CC20C82C7BBB7100041D37 /* ContentView.swift */; };
		D5CC20CB2C7BBB7200041D37 /* Assets.xcassets in Resources */ = {isa = PBXBuildFile; fileRef = D5CC20CA2C7BBB7200041D37 /* Assets.xcassets */; };
		D5CC20CE2C7BBB7200041D37 /* Preview Assets.xcassets in Resources */ = {isa = PBXBuildFile; fileRef = D5CC20CD2C7BBB7200041D37 /* Preview Assets.xcassets */; };
		D5CC20D72C7BBE8D00041D37 /* WeatherResponse.swift in Sources */ = {isa = PBXBuildFile; fileRef = D5CC20D62C7BBE8D00041D37 /* WeatherResponse.swift */; };
		D5CC20D92C7BBEAD00041D37 /* WeatherService.swift in Sources */ = {isa = PBXBuildFile; fileRef = D5CC20D82C7BBEAD00041D37 /* WeatherService.swift */; };
		D5CC20DB2C7BBECF00041D37 /* LocationService.swift in Sources */ = {isa = PBXBuildFile; fileRef = D5CC20DA2C7BBECF00041D37 /* LocationService.swift */; };
		D5CC20DD2C7BBEE900041D37 /* WeatherViewModel.swift in Sources */ = {isa = PBXBuildFile; fileRef = D5CC20DC2C7BBEE900041D37 /* WeatherViewModel.swift */; };
/* End PBXBuildFile section */

/* Begin PBXContainerItemProxy section */
		D58529E82C7C304C0098DA1F /* PBXContainerItemProxy */ = {
			isa = PBXContainerItemProxy;
			containerPortal = D5CC20BB2C7BBB7100041D37 /* Project object */;
			proxyType = 1;
			remoteGlobalIDString = D5CC20C22C7BBB7100041D37;
			remoteInfo = Weather;
		};
/* End PBXContainerItemProxy section */

/* Begin PBXFileReference section */
		D58529E42C7C304C0098DA1F /* WeatherTests.xctest */ = {isa = PBXFileReference; explicitFileType = wrapper.cfbundle; includeInIndex = 0; path = WeatherTests.xctest; sourceTree = BUILT_PRODUCTS_DIR; };
		D58529ED2C7C30A00098DA1F /* WeatherServiceTests.swift */ = {isa = PBXFileReference; lastKnownFileType = sourcecode.swift; path = WeatherServiceTests.swift; sourceTree = "<group>"; };
		D58529EF2C7C30DD0098DA1F /* WeatherViewModel.swift */ = {isa = PBXFileReference; lastKnownFileType = sourcecode.swift; path = WeatherViewModel.swift; sourceTree = "<group>"; };
		D5CC20C32C7BBB7100041D37 /* Weather.app */ = {isa = PBXFileReference; explicitFileType = wrapper.application; includeInIndex = 0; path = Weather.app; sourceTree = BUILT_PRODUCTS_DIR; };
		D5CC20C62C7BBB7100041D37 /* WeatherApp.swift */ = {isa = PBXFileReference; lastKnownFileType = sourcecode.swift; path = WeatherApp.swift; sourceTree = "<group>"; };
		D5CC20C82C7BBB7100041D37 /* ContentView.swift */ = {isa = PBXFileReference; lastKnownFileType = sourcecode.swift; path = ContentView.swift; sourceTree = "<group>"; };
		D5CC20CA2C7BBB7200041D37 /* Assets.xcassets */ = {isa = PBXFileReference; lastKnownFileType = folder.assetcatalog; path = Assets.xcassets; sourceTree = "<group>"; };
		D5CC20CD2C7BBB7200041D37 /* Preview Assets.xcassets */ = {isa = PBXFileReference; lastKnownFileType = folder.assetcatalog; path = "Preview Assets.xcassets"; sourceTree = "<group>"; };
		D5CC20D62C7BBE8D00041D37 /* WeatherResponse.swift */ = {isa = PBXFileReference; lastKnownFileType = sourcecode.swift; path = WeatherResponse.swift; sourceTree = "<group>"; };
		D5CC20D82C7BBEAD00041D37 /* WeatherService.swift */ = {isa = PBXFileReference; lastKnownFileType = sourcecode.swift; path = WeatherService.swift; sourceTree = "<group>"; };
		D5CC20DA2C7BBECF00041D37 /* LocationService.swift */ = {isa = PBXFileReference; lastKnownFileType = sourcecode.swift; path = LocationService.swift; sourceTree = "<group>"; };
		D5CC20DC2C7BBEE900041D37 /* WeatherViewModel.swift */ = {isa = PBXFileReference; lastKnownFileType = sourcecode.swift; path = WeatherViewModel.swift; sourceTree = "<group>"; };
/* End PBXFileReference section */

/* Begin PBXFrameworksBuildPhase section */
		D58529E12C7C304C0098DA1F /* Frameworks */ = {
			isa = PBXFrameworksBuildPhase;
			buildActionMask = 2147483647;
			files = (
			);
			runOnlyForDeploymentPostprocessing = 0;
		};
		D5CC20C02C7BBB7100041D37 /* Frameworks */ = {
			isa = PBXFrameworksBuildPhase;
			buildActionMask = 2147483647;
			files = (
			);
			runOnlyForDeploymentPostprocessing = 0;
		};
/* End PBXFrameworksBuildPhase section */

/* Begin PBXGroup section */
		D58529E52C7C304C0098DA1F /* WeatherTests */ = {
			isa = PBXGroup;
			children = (
				D58529ED2C7C30A00098DA1F /* WeatherServiceTests.swift */,
				D58529EF2C7C30DD0098DA1F /* WeatherViewModel.swift */,
			);
			path = WeatherTests;
			sourceTree = "<group>";
		};
		D58529F12C7C32C10098DA1F /* Models */ = {
			isa = PBXGroup;
			children = (
				D5CC20D62C7BBE8D00041D37 /* WeatherResponse.swift */,
			);
			path = Models;
			sourceTree = "<group>";
		};
		D58529F22C7C32E10098DA1F /* ViewModels */ = {
			isa = PBXGroup;
			children = (
				D5CC20DC2C7BBEE900041D37 /* WeatherViewModel.swift */,
			);
			path = ViewModels;
			sourceTree = "<group>";
		};
		D58529F32C7C32EE0098DA1F /* View */ = {
			isa = PBXGroup;
			children = (
				D5CC20C82C7BBB7100041D37 /* ContentView.swift */,
			);
			path = View;
			sourceTree = "<group>";
		};
		D58529F42C7C33090098DA1F /* Services */ = {
			isa = PBXGroup;
			children = (
				D5CC20D82C7BBEAD00041D37 /* WeatherService.swift */,
			);
			path = Services;
			sourceTree = "<group>";
		};
		D58529F52C7C33420098DA1F /* Utils */ = {
			isa = PBXGroup;
			children = (
				D5CC20DA2C7BBECF00041D37 /* LocationService.swift */,
			);
			path = Utils;
			sourceTree = "<group>";
		};
		D5CC20BA2C7BBB7100041D37 = {
			isa = PBXGroup;
			children = (
				D5CC20C52C7BBB7100041D37 /* Weather */,
				D58529E52C7C304C0098DA1F /* WeatherTests */,
				D5CC20C42C7BBB7100041D37 /* Products */,
			);
			sourceTree = "<group>";
		};
		D5CC20C42C7BBB7100041D37 /* Products */ = {
			isa = PBXGroup;
			children = (
				D5CC20C32C7BBB7100041D37 /* Weather.app */,
				D58529E42C7C304C0098DA1F /* WeatherTests.xctest */,
			);
			name = Products;
			sourceTree = "<group>";
		};
		D5CC20C52C7BBB7100041D37 /* Weather */ = {
			isa = PBXGroup;
			children = (
				D58529F52C7C33420098DA1F /* Utils */,
				D58529F42C7C33090098DA1F /* Services */,
				D58529F32C7C32EE0098DA1F /* View */,
				D58529F22C7C32E10098DA1F /* ViewModels */,
				D58529F12C7C32C10098DA1F /* Models */,
				D5CC20C62C7BBB7100041D37 /* WeatherApp.swift */,
				D5CC20CA2C7BBB7200041D37 /* Assets.xcassets */,
				D5CC20CC2C7BBB7200041D37 /* Preview Content */,
			);
			path = Weather;
			sourceTree = "<group>";
		};
		D5CC20CC2C7BBB7200041D37 /* Preview Content */ = {
			isa = PBXGroup;
			children = (
				D5CC20CD2C7BBB7200041D37 /* Preview Assets.xcassets */,
			);
			path = "Preview Content";
			sourceTree = "<group>";
		};
/* End PBXGroup section */

/* Begin PBXNativeTarget section */
		D58529E32C7C304C0098DA1F /* WeatherTests */ = {
			isa = PBXNativeTarget;
			buildConfigurationList = D58529EC2C7C304C0098DA1F /* Build configuration list for PBXNativeTarget "WeatherTests" */;
			buildPhases = (
				D58529E02C7C304C0098DA1F /* Sources */,
				D58529E12C7C304C0098DA1F /* Frameworks */,
				D58529E22C7C304C0098DA1F /* Resources */,
			);
			buildRules = (
			);
			dependencies = (
				D58529E92C7C304C0098DA1F /* PBXTargetDependency */,
			);
			name = WeatherTests;
			productName = WeatherTests;
			productReference = D58529E42C7C304C0098DA1F /* WeatherTests.xctest */;
			productType = "com.apple.product-type.bundle.unit-test";
		};
		D5CC20C22C7BBB7100041D37 /* Weather */ = {
			isa = PBXNativeTarget;
			buildConfigurationList = D5CC20D12C7BBB7200041D37 /* Build configuration list for PBXNativeTarget "Weather" */;
			buildPhases = (
				D5CC20BF2C7BBB7100041D37 /* Sources */,
				D5CC20C02C7BBB7100041D37 /* Frameworks */,
				D5CC20C12C7BBB7100041D37 /* Resources */,
			);
			buildRules = (
			);
			dependencies = (
			);
			name = Weather;
			productName = Weather;
			productReference = D5CC20C32C7BBB7100041D37 /* Weather.app */;
			productType = "com.apple.product-type.application";
		};
/* End PBXNativeTarget section */

/* Begin PBXProject section */
		D5CC20BB2C7BBB7100041D37 /* Project object */ = {
			isa = PBXProject;
			attributes = {
				BuildIndependentTargetsInParallel = 1;
				LastSwiftUpdateCheck = 1400;
				LastUpgradeCheck = 1400;
				TargetAttributes = {
					D58529E32C7C304C0098DA1F = {
						CreatedOnToolsVersion = 14.0.1;
						TestTargetID = D5CC20C22C7BBB7100041D37;
					};
					D5CC20C22C7BBB7100041D37 = {
						CreatedOnToolsVersion = 14.0.1;
					};
				};
			};
			buildConfigurationList = D5CC20BE2C7BBB7100041D37 /* Build configuration list for PBXProject "Weather" */;
			compatibilityVersion = "Xcode 14.0";
			developmentRegion = en;
			hasScannedForEncodings = 0;
			knownRegions = (
				en,
				Base,
			);
			mainGroup = D5CC20BA2C7BBB7100041D37;
			productRefGroup = D5CC20C42C7BBB7100041D37 /* Products */;
			projectDirPath = "";
			projectRoot = "";
			targets = (
				D5CC20C22C7BBB7100041D37 /* Weather */,
				D58529E32C7C304C0098DA1F /* WeatherTests */,
			);
		};
/* End PBXProject section */

/* Begin PBXResourcesBuildPhase section */
		D58529E22C7C304C0098DA1F /* Resources */ = {
			isa = PBXResourcesBuildPhase;
			buildActionMask = 2147483647;
			files = (
			);
			runOnlyForDeploymentPostprocessing = 0;
		};
		D5CC20C12C7BBB7100041D37 /* Resources */ = {
			isa = PBXResourcesBuildPhase;
			buildActionMask = 2147483647;
			files = (
				D5CC20CE2C7BBB7200041D37 /* Preview Assets.xcassets in Resources */,
				D5CC20CB2C7BBB7200041D37 /* Assets.xcassets in Resources */,
			);
			runOnlyForDeploymentPostprocessing = 0;
		};
/* End PBXResourcesBuildPhase section */

/* Begin PBXSourcesBuildPhase section */
		D58529E02C7C304C0098DA1F /* Sources */ = {
			isa = PBXSourcesBuildPhase;
			buildActionMask = 2147483647;
			files = (
				D58529EE2C7C30A00098DA1F /* WeatherServiceTests.swift in Sources */,
				D58529F02C7C30DD0098DA1F /* WeatherViewModel.swift in Sources */,
			);
			runOnlyForDeploymentPostprocessing = 0;
		};
		D5CC20BF2C7BBB7100041D37 /* Sources */ = {
			isa = PBXSourcesBuildPhase;
			buildActionMask = 2147483647;
			files = (
				D5CC20DB2C7BBECF00041D37 /* LocationService.swift in Sources */,
				D5CC20DD2C7BBEE900041D37 /* WeatherViewModel.swift in Sources */,
				D5CC20C92C7BBB7100041D37 /* ContentView.swift in Sources */,
				D5CC20D92C7BBEAD00041D37 /* WeatherService.swift in Sources */,
				D5CC20D72C7BBE8D00041D37 /* WeatherResponse.swift in Sources */,
				D5CC20C72C7BBB7100041D37 /* WeatherApp.swift in Sources */,
			);
			runOnlyForDeploymentPostprocessing = 0;
		};
/* End PBXSourcesBuildPhase section */

/* Begin PBXTargetDependency section */
		D58529E92C7C304C0098DA1F /* PBXTargetDependency */ = {
			isa = PBXTargetDependency;
			target = D5CC20C22C7BBB7100041D37 /* Weather */;
			targetProxy = D58529E82C7C304C0098DA1F /* PBXContainerItemProxy */;
		};
/* End PBXTargetDependency section */

/* Begin XCBuildConfiguration section */
		D58529EA2C7C304C0098DA1F /* Debug */ = {
			isa = XCBuildConfiguration;
			buildSettings = {
				BUNDLE_LOADER = "$(TEST_HOST)";
				CODE_SIGN_STYLE = Automatic;
				CURRENT_PROJECT_VERSION = 1;
				GENERATE_INFOPLIST_FILE = YES;
				MARKETING_VERSION = 1.0;
				PRODUCT_BUNDLE_IDENTIFIER = com.arun.WeatherTests;
				PRODUCT_NAME = "$(TARGET_NAME)";
				SWIFT_EMIT_LOC_STRINGS = NO;
				SWIFT_VERSION = 5.0;
				TARGETED_DEVICE_FAMILY = "1,2";
				TEST_HOST = "$(BUILT_PRODUCTS_DIR)/Weather.app/$(BUNDLE_EXECUTABLE_FOLDER_PATH)/Weather";
			};
			name = Debug;
		};
		D58529EB2C7C304C0098DA1F /* Release */ = {
			isa = XCBuildConfiguration;
			buildSettings = {
				BUNDLE_LOADER = "$(TEST_HOST)";
				CODE_SIGN_STYLE = Automatic;
				CURRENT_PROJECT_VERSION = 1;
				GENERATE_INFOPLIST_FILE = YES;
				MARKETING_VERSION = 1.0;
				PRODUCT_BUNDLE_IDENTIFIER = com.arun.WeatherTests;
				PRODUCT_NAME = "$(TARGET_NAME)";
				SWIFT_EMIT_LOC_STRINGS = NO;
				SWIFT_VERSION = 5.0;
				TARGETED_DEVICE_FAMILY = "1,2";
				TEST_HOST = "$(BUILT_PRODUCTS_DIR)/Weather.app/$(BUNDLE_EXECUTABLE_FOLDER_PATH)/Weather";
			};
			name = Release;
		};
		D5CC20CF2C7BBB7200041D37 /* Debug */ = {
			isa = XCBuildConfiguration;
			buildSettings = {
				ALWAYS_SEARCH_USER_PATHS = NO;
				CLANG_ANALYZER_NONNULL = YES;
				CLANG_ANALYZER_NUMBER_OBJECT_CONVERSION = YES_AGGRESSIVE;
				CLANG_CXX_LANGUAGE_STANDARD = "gnu++20";
				CLANG_ENABLE_MODULES = YES;
				CLANG_ENABLE_OBJC_ARC = YES;
				CLANG_ENABLE_OBJC_WEAK = YES;
				CLANG_WARN_BLOCK_CAPTURE_AUTORELEASING = YES;
				CLANG_WARN_BOOL_CONVERSION = YES;
				CLANG_WARN_COMMA = YES;
				CLANG_WARN_CONSTANT_CONVERSION = YES;
				CLANG_WARN_DEPRECATED_OBJC_IMPLEMENTATIONS = YES;
				CLANG_WARN_DIRECT_OBJC_ISA_USAGE = YES_ERROR;
				CLANG_WARN_DOCUMENTATION_COMMENTS = YES;
				CLANG_WARN_EMPTY_BODY = YES;
				CLANG_WARN_ENUM_CONVERSION = YES;
				CLANG_WARN_INFINITE_RECURSION = YES;
				CLANG_WARN_INT_CONVERSION = YES;
				CLANG_WARN_NON_LITERAL_NULL_CONVERSION = YES;
				CLANG_WARN_OBJC_IMPLICIT_RETAIN_SELF = YES;
				CLANG_WARN_OBJC_LITERAL_CONVERSION = YES;
				CLANG_WARN_OBJC_ROOT_CLASS = YES_ERROR;
				CLANG_WARN_QUOTED_INCLUDE_IN_FRAMEWORK_HEADER = YES;
				CLANG_WARN_RANGE_LOOP_ANALYSIS = YES;
				CLANG_WARN_STRICT_PROTOTYPES = YES;
				CLANG_WARN_SUSPICIOUS_MOVE = YES;
				CLANG_WARN_UNGUARDED_AVAILABILITY = YES_AGGRESSIVE;
				CLANG_WARN_UNREACHABLE_CODE = YES;
				CLANG_WARN__DUPLICATE_METHOD_MATCH = YES;
				COPY_PHASE_STRIP = NO;
				DEBUG_INFORMATION_FORMAT = dwarf;
				ENABLE_STRICT_OBJC_MSGSEND = YES;
				ENABLE_TESTABILITY = YES;
				GCC_C_LANGUAGE_STANDARD = gnu11;
				GCC_DYNAMIC_NO_PIC = NO;
				GCC_NO_COMMON_BLOCKS = YES;
				GCC_OPTIMIZATION_LEVEL = 0;
				GCC_PREPROCESSOR_DEFINITIONS = (
					"DEBUG=1",
					"$(inherited)",
				);
				GCC_WARN_64_TO_32_BIT_CONVERSION = YES;
				GCC_WARN_ABOUT_RETURN_TYPE = YES_ERROR;
				GCC_WARN_UNDECLARED_SELECTOR = YES;
				GCC_WARN_UNINITIALIZED_AUTOS = YES_AGGRESSIVE;
				GCC_WARN_UNUSED_FUNCTION = YES;
				GCC_WARN_UNUSED_VARIABLE = YES;
				IPHONEOS_DEPLOYMENT_TARGET = 16.0;
				MTL_ENABLE_DEBUG_INFO = INCLUDE_SOURCE;
				MTL_FAST_MATH = YES;
				ONLY_ACTIVE_ARCH = YES;
				SDKROOT = iphoneos;
				SWIFT_ACTIVE_COMPILATION_CONDITIONS = DEBUG;
				SWIFT_OPTIMIZATION_LEVEL = "-Onone";
			};
			name = Debug;
		};
		D5CC20D02C7BBB7200041D37 /* Release */ = {
			isa = XCBuildConfiguration;
			buildSettings = {
				ALWAYS_SEARCH_USER_PATHS = NO;
				CLANG_ANALYZER_NONNULL = YES;
				CLANG_ANALYZER_NUMBER_OBJECT_CONVERSION = YES_AGGRESSIVE;
				CLANG_CXX_LANGUAGE_STANDARD = "gnu++20";
				CLANG_ENABLE_MODULES = YES;
				CLANG_ENABLE_OBJC_ARC = YES;
				CLANG_ENABLE_OBJC_WEAK = YES;
				CLANG_WARN_BLOCK_CAPTURE_AUTORELEASING = YES;
				CLANG_WARN_BOOL_CONVERSION = YES;
				CLANG_WARN_COMMA = YES;
				CLANG_WARN_CONSTANT_CONVERSION = YES;
				CLANG_WARN_DEPRECATED_OBJC_IMPLEMENTATIONS = YES;
				CLANG_WARN_DIRECT_OBJC_ISA_USAGE = YES_ERROR;
				CLANG_WARN_DOCUMENTATION_COMMENTS = YES;
				CLANG_WARN_EMPTY_BODY = YES;
				CLANG_WARN_ENUM_CONVERSION = YES;
				CLANG_WARN_INFINITE_RECURSION = YES;
				CLANG_WARN_INT_CONVERSION = YES;
				CLANG_WARN_NON_LITERAL_NULL_CONVERSION = YES;
				CLANG_WARN_OBJC_IMPLICIT_RETAIN_SELF = YES;
				CLANG_WARN_OBJC_LITERAL_CONVERSION = YES;
				CLANG_WARN_OBJC_ROOT_CLASS = YES_ERROR;
				CLANG_WARN_QUOTED_INCLUDE_IN_FRAMEWORK_HEADER = YES;
				CLANG_WARN_RANGE_LOOP_ANALYSIS = YES;
				CLANG_WARN_STRICT_PROTOTYPES = YES;
				CLANG_WARN_SUSPICIOUS_MOVE = YES;
				CLANG_WARN_UNGUARDED_AVAILABILITY = YES_AGGRESSIVE;
				CLANG_WARN_UNREACHABLE_CODE = YES;
				CLANG_WARN__DUPLICATE_METHOD_MATCH = YES;
				COPY_PHASE_STRIP = NO;
				DEBUG_INFORMATION_FORMAT = "dwarf-with-dsym";
				ENABLE_NS_ASSERTIONS = NO;
				ENABLE_STRICT_OBJC_MSGSEND = YES;
				GCC_C_LANGUAGE_STANDARD = gnu11;
				GCC_NO_COMMON_BLOCKS = YES;
				GCC_WARN_64_TO_32_BIT_CONVERSION = YES;
				GCC_WARN_ABOUT_RETURN_TYPE = YES_ERROR;
				GCC_WARN_UNDECLARED_SELECTOR = YES;
				GCC_WARN_UNINITIALIZED_AUTOS = YES_AGGRESSIVE;
				GCC_WARN_UNUSED_FUNCTION = YES;
				GCC_WARN_UNUSED_VARIABLE = YES;
				IPHONEOS_DEPLOYMENT_TARGET = 16.0;
				MTL_ENABLE_DEBUG_INFO = NO;
				MTL_FAST_MATH = YES;
				SDKROOT = iphoneos;
				SWIFT_COMPILATION_MODE = wholemodule;
				SWIFT_OPTIMIZATION_LEVEL = "-O";
				VALIDATE_PRODUCT = YES;
			};
			name = Release;
		};
		D5CC20D22C7BBB7200041D37 /* Debug */ = {
			isa = XCBuildConfiguration;
			buildSettings = {
				ASSETCATALOG_COMPILER_APPICON_NAME = AppIcon;
				ASSETCATALOG_COMPILER_GLOBAL_ACCENT_COLOR_NAME = AccentColor;
				CODE_SIGN_STYLE = Automatic;
				CURRENT_PROJECT_VERSION = 1;
				DEVELOPMENT_ASSET_PATHS = "\"Weather/Preview Content\"";
				ENABLE_PREVIEWS = YES;
				GENERATE_INFOPLIST_FILE = YES;
				INFOPLIST_KEY_NSLocationWhenInUseUsageDescription = "We need your location to show the current weather.";
				INFOPLIST_KEY_UIApplicationSceneManifest_Generation = YES;
				INFOPLIST_KEY_UIApplicationSupportsIndirectInputEvents = YES;
				INFOPLIST_KEY_UILaunchScreen_Generation = YES;
				INFOPLIST_KEY_UISupportedInterfaceOrientations_iPad = "UIInterfaceOrientationPortrait UIInterfaceOrientationPortraitUpsideDown UIInterfaceOrientationLandscapeLeft UIInterfaceOrientationLandscapeRight";
				INFOPLIST_KEY_UISupportedInterfaceOrientations_iPhone = "UIInterfaceOrientationPortrait UIInterfaceOrientationLandscapeLeft UIInterfaceOrientationLandscapeRight";
				LD_RUNPATH_SEARCH_PATHS = (
					"$(inherited)",
					"@executable_path/Frameworks",
				);
				MARKETING_VERSION = 1.0;
				PRODUCT_BUNDLE_IDENTIFIER = com.arun.Weather;
				PRODUCT_NAME = "$(TARGET_NAME)";
				SWIFT_EMIT_LOC_STRINGS = YES;
				SWIFT_VERSION = 5.0;
				TARGETED_DEVICE_FAMILY = "1,2";
			};
			name = Debug;
		};
		D5CC20D32C7BBB7200041D37 /* Release */ = {
			isa = XCBuildConfiguration;
			buildSettings = {
				ASSETCATALOG_COMPILER_APPICON_NAME = AppIcon;
				ASSETCATALOG_COMPILER_GLOBAL_ACCENT_COLOR_NAME = AccentColor;
				CODE_SIGN_STYLE = Automatic;
				CURRENT_PROJECT_VERSION = 1;
				DEVELOPMENT_ASSET_PATHS = "\"Weather/Preview Content\"";
				ENABLE_PREVIEWS = YES;
				GENERATE_INFOPLIST_FILE = YES;
				INFOPLIST_KEY_NSLocationWhenInUseUsageDescription = "We need your location to show the current weather.";
				INFOPLIST_KEY_UIApplicationSceneManifest_Generation = YES;
				INFOPLIST_KEY_UIApplicationSupportsIndirectInputEvents = YES;
				INFOPLIST_KEY_UILaunchScreen_Generation = YES;
				INFOPLIST_KEY_UISupportedInterfaceOrientations_iPad = "UIInterfaceOrientationPortrait UIInterfaceOrientationPortraitUpsideDown UIInterfaceOrientationLandscapeLeft UIInterfaceOrientationLandscapeRight";
				INFOPLIST_KEY_UISupportedInterfaceOrientations_iPhone = "UIInterfaceOrientationPortrait UIInterfaceOrientationLandscapeLeft UIInterfaceOrientationLandscapeRight";
				LD_RUNPATH_SEARCH_PATHS = (
					"$(inherited)",
					"@executable_path/Frameworks",
				);
				MARKETING_VERSION = 1.0;
				PRODUCT_BUNDLE_IDENTIFIER = com.arun.Weather;
				PRODUCT_NAME = "$(TARGET_NAME)";
				SWIFT_EMIT_LOC_STRINGS = YES;
				SWIFT_VERSION = 5.0;
				TARGETED_DEVICE_FAMILY = "1,2";
			};
			name = Release;
		};
/* End XCBuildConfiguration section */

/* Begin XCConfigurationList section */
		D58529EC2C7C304C0098DA1F /* Build configuration list for PBXNativeTarget "WeatherTests" */ = {
			isa = XCConfigurationList;
			buildConfigurations = (
				D58529EA2C7C304C0098DA1F /* Debug */,
				D58529EB2C7C304C0098DA1F /* Release */,
			);
			defaultConfigurationIsVisible = 0;
			defaultConfigurationName = Release;
		};
		D5CC20BE2C7BBB7100041D37 /* Build configuration list for PBXProject "Weather" */ = {
			isa = XCConfigurationList;
			buildConfigurations = (
				D5CC20CF2C7BBB7200041D37 /* Debug */,
				D5CC20D02C7BBB7200041D37 /* Release */,
			);
			defaultConfigurationIsVisible = 0;
			defaultConfigurationName = Release;
		};
		D5CC20D12C7BBB7200041D37 /* Build configuration list for PBXNativeTarget "Weather" */ = {
			isa = XCConfigurationList;
			buildConfigurations = (
				D5CC20D22C7BBB7200041D37 /* Debug */,
				D5CC20D32C7BBB7200041D37 /* Release */,
			);
			defaultConfigurationIsVisible = 0;
			defaultConfigurationName = Release;
		};
/* End XCConfigurationList section */
	};
	rootObject = D5CC20BB2C7BBB7100041D37 /* Project object */;
}
